
Microsoft Visual Studio Solution File, Format Version 12.00
# Visual Studio Version 17
VisualStudioVersion = 17.1.32414.318
MinimumVisualStudioVersion = 10.0.40219.1
Project("{9A19103F-16F7-4668-BE54-9A1E7A4F7556}") = "CasgemMediator", "CasgemMediator\CasgemMediator.csproj", "{D489D93D-3106-4B64-9A4A-5D82A7780594}"
EndProject
Global
	GlobalSection(SolutionConfigurationPlatforms) = preSolution
		Debug|Any CPU = Debug|Any CPU
		Release|Any CPU = Release|Any CPU
	EndGlobalSection
	GlobalSection(ProjectConfigurationPlatforms) = postSolution
		{D489D93D-3106-4B64-9A4A-5D82A7780594}.Debug|Any CPU.ActiveCfg = Debug|Any CPU
		{D489D93D-3106-4B64-9A4A-5D82A7780594}.Debug|Any CPU.Build.0 = Debug|Any CPU
		{D489D93D-3106-4B64-9A4A-5D82A7780594}.Release|Any CPU.ActiveCfg = Release|Any CPU
		{D489D93D-3106-4B64-9A4A-5D82A7780594}.Release|Any CPU.Build.0 = Release|Any CPU
	EndGlobalSection
	GlobalSection(SolutionProperties) = preSolution
		HideSolutionNode = FALSE
	EndGlobalSection
	GlobalSection(ExtensibilityGlobals) = postSolution
		SolutionGuid = {1D8C2BE9-6B24-49CE-A472-EBCB0844B1B0}
	EndGlobalSection
EndGlobal
